
Microsoft Visual Studio Solution File, Format Version 12.00
# Visual Studio 15
Project("{FAE04EC0-301F-11D3-BF4B-00C04F79EFBC}") = "Assembly-CSharp", "Assembly-CSharp.csproj", "{A444D448-ABAB-F056-538E-B2DDE4094A90}"
EndProject
Project("{FAE04EC0-301F-11D3-BF4B-00C04F79EFBC}") = "Oculus.VR", "Oculus.VR.csproj", "{B610BD70-280B-518E-AC09-4259F527F18F}"
EndProject
Project("{FAE04EC0-301F-11D3-BF4B-00C04F79EFBC}") = "Assembly-CSharp-firstpass", "Assembly-CSharp-firstpass.csproj", "{1181EED2-B363-51FD-F19D-C2EA7CF8A7E5}"
EndProject
Project("{FAE04EC0-301F-11D3-BF4B-00C04F79EFBC}") = "Assembly-CSharp-Editor", "Assembly-CSharp-Editor.csproj", "{3B716DB9-8A0E-B38C-E9B5-974EF60B9AC5}"
EndProject
Project("{FAE04EC0-301F-11D3-BF4B-00C04F79EFBC}") = "Assembly-CSharp-Editor-firstpass", "Assembly-CSharp-Editor-firstpass.csproj", "{4DE76443-C928-56B8-D3FD-64BC622FC5AD}"
EndProject
Project("{FAE04EC0-301F-11D3-BF4B-00C04F79EFBC}") = "Oculus.VR.Scripts.Editor", "Oculus.VR.Scripts.Editor.csproj", "{C4A5F4AE-C2D7-18AA-754B-7BC221630AD1}"
EndProject
Project("{FAE04EC0-301F-11D3-BF4B-00C04F79EFBC}") = "Oculus.VR.Editor", "Oculus.VR.Editor.csproj", "{F7BAF7DC-1B85-56DF-78EC-B17F054013E4}"
EndProject
Global
	GlobalSection(SolutionConfigurationPlatforms) = preSolution
		Debug|Any CPU = Debug|Any CPU
		Release|Any CPU = Release|Any CPU
	EndGlobalSection
	GlobalSection(ProjectConfigurationPlatforms) = postSolution
		{A444D448-ABAB-F056-538E-B2DDE4094A90}.Debug|Any CPU.ActiveCfg = Debug|Any CPU
		{A444D448-ABAB-F056-538E-B2DDE4094A90}.Debug|Any CPU.Build.0 = Debug|Any CPU
		{A444D448-ABAB-F056-538E-B2DDE4094A90}.Release|Any CPU.ActiveCfg = Release|Any CPU
		{A444D448-ABAB-F056-538E-B2DDE4094A90}.Release|Any CPU.Build.0 = Release|Any CPU
		{B610BD70-280B-518E-AC09-4259F527F18F}.Debug|Any CPU.ActiveCfg = Debug|Any CPU
		{B610BD70-280B-518E-AC09-4259F527F18F}.Debug|Any CPU.Build.0 = Debug|Any CPU
		{B610BD70-280B-518E-AC09-4259F527F18F}.Release|Any CPU.ActiveCfg = Release|Any CPU
		{B610BD70-280B-518E-AC09-4259F527F18F}.Release|Any CPU.Build.0 = Release|Any CPU
		{1181EED2-B363-51FD-F19D-C2EA7CF8A7E5}.Debug|Any CPU.ActiveCfg = Debug|Any CPU
		{1181EED2-B363-51FD-F19D-C2EA7CF8A7E5}.Debug|Any CPU.Build.0 = Debug|Any CPU
		{1181EED2-B363-51FD-F19D-C2EA7CF8A7E5}.Release|Any CPU.ActiveCfg = Release|Any CPU
		{1181EED2-B363-51FD-F19D-C2EA7CF8A7E5}.Release|Any CPU.Build.0 = Release|Any CPU
		{3B716DB9-8A0E-B38C-E9B5-974EF60B9AC5}.Debug|Any CPU.ActiveCfg = Debug|Any CPU
		{3B716DB9-8A0E-B38C-E9B5-974EF60B9AC5}.Debug|Any CPU.Build.0 = Debug|Any CPU
		{3B716DB9-8A0E-B38C-E9B5-974EF60B9AC5}.Release|Any CPU.ActiveCfg = Release|Any CPU
		{3B716DB9-8A0E-B38C-E9B5-974EF60B9AC5}.Release|Any CPU.Build.0 = Release|Any CPU
		{4DE76443-C928-56B8-D3FD-64BC622FC5AD}.Debug|Any CPU.ActiveCfg = Debug|Any CPU
		{4DE76443-C928-56B8-D3FD-64BC622FC5AD}.Debug|Any CPU.Build.0 = Debug|Any CPU
		{4DE76443-C928-56B8-D3FD-64BC622FC5AD}.Release|Any CPU.ActiveCfg = Release|Any CPU
		{4DE76443-C928-56B8-D3FD-64BC622FC5AD}.Release|Any CPU.Build.0 = Release|Any CPU
		{C4A5F4AE-C2D7-18AA-754B-7BC221630AD1}.Debug|Any CPU.ActiveCfg = Debug|Any CPU
		{C4A5F4AE-C2D7-18AA-754B-7BC221630AD1}.Debug|Any CPU.Build.0 = Debug|Any CPU
		{C4A5F4AE-C2D7-18AA-754B-7BC221630AD1}.Release|Any CPU.ActiveCfg = Release|Any CPU
		{C4A5F4AE-C2D7-18AA-754B-7BC221630AD1}.Release|Any CPU.Build.0 = Release|Any CPU
		{F7BAF7DC-1B85-56DF-78EC-B17F054013E4}.Debug|Any CPU.ActiveCfg = Debug|Any CPU
		{F7BAF7DC-1B85-56DF-78EC-B17F054013E4}.Debug|Any CPU.Build.0 = Debug|Any CPU
		{F7BAF7DC-1B85-56DF-78EC-B17F054013E4}.Release|Any CPU.ActiveCfg = Release|Any CPU
		{F7BAF7DC-1B85-56DF-78EC-B17F054013E4}.Release|Any CPU.Build.0 = Release|Any CPU
	EndGlobalSection
	GlobalSection(SolutionProperties) = preSolution
		HideSolutionNode = FALSE
	EndGlobalSection
EndGlobal
